
Microsoft Visual Studio Solution File, Format Version 12.00
# Visual Studio 15
VisualStudioVersion = 15.0.28010.2046
MinimumVisualStudioVersion = 10.0.40219.1
Project("{FAE04EC0-301F-11D3-BF4B-00C04F79EFBC}") = "Code_first", "Code_first\Code_first.csproj", "{DA35D2B5-3011-4D10-9086-BF18D683A515}"
EndProject
Global
	GlobalSection(SolutionConfigurationPlatforms) = preSolution
		Debug|Any CPU = Debug|Any CPU
		Release|Any CPU = Release|Any CPU
	EndGlobalSection
	GlobalSection(ProjectConfigurationPlatforms) = postSolution
		{DA35D2B5-3011-4D10-9086-BF18D683A515}.Debug|Any CPU.ActiveCfg = Debug|Any CPU
		{DA35D2B5-3011-4D10-9086-BF18D683A515}.Debug|Any CPU.Build.0 = Debug|Any CPU
		{DA35D2B5-3011-4D10-9086-BF18D683A515}.Release|Any CPU.ActiveCfg = Release|Any CPU
		{DA35D2B5-3011-4D10-9086-BF18D683A515}.Release|Any CPU.Build.0 = Release|Any CPU
	EndGlobalSection
	GlobalSection(SolutionProperties) = preSolution
		HideSolutionNode = FALSE
	EndGlobalSection
	GlobalSection(ExtensibilityGlobals) = postSolution
		SolutionGuid = {1791129D-B154-40A7-8AEE-DCF5DE24BD0F}
	EndGlobalSection
EndGlobal
